
Microsoft Visual Studio Solution File, Format Version 12.00
# Visual Studio 15
VisualStudioVersion = 15.0.26430.14
MinimumVisualStudioVersion = 10.0.40219.1
Project("{F184B08F-C81C-45F6-A57F-5ABD9991F28F}") = "Revision1", "Revision1\Revision1.vbproj", "{FEDBF6AF-4600-4A1C-AD53-29A4C48EFEAA}"
EndProject
Global
	GlobalSection(SolutionConfigurationPlatforms) = preSolution
		Debug|Any CPU = Debug|Any CPU
		Release|Any CPU = Release|Any CPU
	EndGlobalSection
	GlobalSection(ProjectConfigurationPlatforms) = postSolution
		{FEDBF6AF-4600-4A1C-AD53-29A4C48EFEAA}.Debug|Any CPU.ActiveCfg = Debug|Any CPU
		{FEDBF6AF-4600-4A1C-AD53-29A4C48EFEAA}.Debug|Any CPU.Build.0 = Debug|Any CPU
		{FEDBF6AF-4600-4A1C-AD53-29A4C48EFEAA}.Release|Any CPU.ActiveCfg = Release|Any CPU
		{FEDBF6AF-4600-4A1C-AD53-29A4C48EFEAA}.Release|Any CPU.Build.0 = Release|Any CPU
	EndGlobalSection
	GlobalSection(SolutionProperties) = preSolution
		HideSolutionNode = FALSE
	EndGlobalSection
EndGlobal
